
Microsoft Visual Studio Solution File, Format Version 12.00
# Visual Studio 15
VisualStudioVersion = 15.0.27004.2009
MinimumVisualStudioVersion = 10.0.40219.1
Project("{FAE04EC0-301F-11D3-BF4B-00C04F79EFBC}") = "GPA-App", "GPA-App\GPA-App.csproj", "{DFCE4332-E132-44C6-9C64-1E26417A383A}"
EndProject
Global
	GlobalSection(SolutionConfigurationPlatforms) = preSolution
		Debug|Any CPU = Debug|Any CPU
		Release|Any CPU = Release|Any CPU
	EndGlobalSection
	GlobalSection(ProjectConfigurationPlatforms) = postSolution
		{DFCE4332-E132-44C6-9C64-1E26417A383A}.Debug|Any CPU.ActiveCfg = Debug|Any CPU
		{DFCE4332-E132-44C6-9C64-1E26417A383A}.Debug|Any CPU.Build.0 = Debug|Any CPU
		{DFCE4332-E132-44C6-9C64-1E26417A383A}.Release|Any CPU.ActiveCfg = Release|Any CPU
		{DFCE4332-E132-44C6-9C64-1E26417A383A}.Release|Any CPU.Build.0 = Release|Any CPU
	EndGlobalSection
	GlobalSection(SolutionProperties) = preSolution
		HideSolutionNode = FALSE
	EndGlobalSection
	GlobalSection(ExtensibilityGlobals) = postSolution
		SolutionGuid = {658D8F73-B5DD-4F36-8205-6117F271E9CF}
	EndGlobalSection
EndGlobal
